
Microsoft Visual Studio Solution File, Format Version 12.00
# Visual Studio Version 17
VisualStudioVersion = 17.10.34928.147
MinimumVisualStudioVersion = 10.0.40219.1
Project("{FAE04EC0-301F-11D3-BF4B-00C04F79EFBC}") = "WebApplication3", "WebApplication3.csproj", "{D025EBB2-22B7-4F43-B516-CC58B6D9DB20}"
EndProject
Global
	GlobalSection(SolutionConfigurationPlatforms) = preSolution
		Debug|Any CPU = Debug|Any CPU
		Release|Any CPU = Release|Any CPU
	EndGlobalSection
	GlobalSection(ProjectConfigurationPlatforms) = postSolution
		{D025EBB2-22B7-4F43-B516-CC58B6D9DB20}.Debug|Any CPU.ActiveCfg = Debug|Any CPU
		{D025EBB2-22B7-4F43-B516-CC58B6D9DB20}.Debug|Any CPU.Build.0 = Debug|Any CPU
		{D025EBB2-22B7-4F43-B516-CC58B6D9DB20}.Release|Any CPU.ActiveCfg = Release|Any CPU
		{D025EBB2-22B7-4F43-B516-CC58B6D9DB20}.Release|Any CPU.Build.0 = Release|Any CPU
	EndGlobalSection
	GlobalSection(SolutionProperties) = preSolution
		HideSolutionNode = FALSE
	EndGlobalSection
	GlobalSection(ExtensibilityGlobals) = postSolution
		SolutionGuid = {F7429188-CD0A-4421-AC5B-D355E38950A8}
	EndGlobalSection
EndGlobal
