
Microsoft Visual Studio Solution File, Format Version 12.00
# Visual Studio 14
VisualStudioVersion = 14.0.25420.1
MinimumVisualStudioVersion = 10.0.40219.1
Project("{FAE04EC0-301F-11D3-BF4B-00C04F79EFBC}") = "Chp01", "Chp01\Chp01.csproj", "{F162B278-D802-4141-9938-BD105768F71C}"
EndProject
Project("{FAE04EC0-301F-11D3-BF4B-00C04F79EFBC}") = "Chp02", "Chp02\Chp02.csproj", "{73A1832F-BD7D-4C48-A358-4FBD13985A02}"
EndProject
Project("{FAE04EC0-301F-11D3-BF4B-00C04F79EFBC}") = "Chp03", "Chp03\Chp03.csproj", "{0EB3DA5C-F1D2-419E-9DA3-89E36E76D3BE}"
EndProject
Project("{FAE04EC0-301F-11D3-BF4B-00C04F79EFBC}") = "Chp04", "Chp04\Chp04.csproj", "{968C12FE-E892-49A7-9628-F868EA7C27C0}"
EndProject
Project("{FAE04EC0-301F-11D3-BF4B-00C04F79EFBC}") = "Chp05", "Chp05\Chp05.csproj", "{4216C34C-E686-4F93-AED3-21981BAEAE21}"
EndProject
Project("{FAE04EC0-301F-11D3-BF4B-00C04F79EFBC}") = "Chp06", "Chp06\Chp06.csproj", "{2398114B-A04C-477B-A81E-D9340677599B}"
EndProject
Project("{FAE04EC0-301F-11D3-BF4B-00C04F79EFBC}") = "Chp07", "Chp07\Chp07.csproj", "{A68E872E-1ED1-4447-9CDA-3C55587BEC98}"
EndProject
Project("{FAE04EC0-301F-11D3-BF4B-00C04F79EFBC}") = "Chp08", "Chp08\Chp08.csproj", "{E7C83A0F-9D31-4D13-9337-35EFA2682A64}"
EndProject
Project("{FAE04EC0-301F-11D3-BF4B-00C04F79EFBC}") = "Chp09", "Chp09\Chp09.csproj", "{BC784E46-DB64-4B0E-BCA4-9DADA6C65A22}"
EndProject
Project("{FAE04EC0-301F-11D3-BF4B-00C04F79EFBC}") = "Chp10", "Chp10\Chp10.csproj", "{41DB4AA2-BA41-41FD-9799-2764BE0B6F56}"
EndProject
Project("{FAE04EC0-301F-11D3-BF4B-00C04F79EFBC}") = "Chp11", "Chp11\Chp11.csproj", "{DC2A2675-A46E-4597-B122-8867DDA91373}"
EndProject
Project("{FAE04EC0-301F-11D3-BF4B-00C04F79EFBC}") = "Chp12", "Chp12\Chp12.csproj", "{BAEF9648-6FC7-4B2C-BBDB-82C1AF3A5E49}"
EndProject
Project("{FAE04EC0-301F-11D3-BF4B-00C04F79EFBC}") = "Chp13", "Chp13\Chp13.csproj", "{A8011996-EC68-4EF7-BD5B-0BCB7E8C5F4A}"
EndProject
Project("{FAE04EC0-301F-11D3-BF4B-00C04F79EFBC}") = "Chp13_02", "Chp13_02\Chp13_02.csproj", "{DE5CE7DA-232D-4D34-B503-D2D50AB99016}"
EndProject
Project("{FAE04EC0-301F-11D3-BF4B-00C04F79EFBC}") = "Chp13_03", "Chp13_03\Chp13_03.csproj", "{7CC69181-DAB0-4DA9-8662-C4C51480688B}"
EndProject
Project("{FAE04EC0-301F-11D3-BF4B-00C04F79EFBC}") = "Chp14", "Chp14\Chp14.csproj", "{C1980549-3F1B-4205-A5E9-90AEBECF4881}"
EndProject
Project("{FAE04EC0-301F-11D3-BF4B-00C04F79EFBC}") = "Chp15_01", "Chp15_01\Chp15_01.csproj", "{4871F62E-07E0-45CD-B2E2-A20CDA1EDAFB}"
EndProject
Project("{FAE04EC0-301F-11D3-BF4B-00C04F79EFBC}") = "Chp15_02", "Chp15_02_01\Chp15_02.csproj", "{573F1D67-2F9A-4925-9669-774C30858FEF}"
EndProject
Project("{FAE04EC0-301F-11D3-BF4B-00C04F79EFBC}") = "Chp16_01", "Chp16_01\Chp16_01.csproj", "{EC1EA272-F2C1-4A9F-8AF0-E40294F8679B}"
EndProject
Project("{FAE04EC0-301F-11D3-BF4B-00C04F79EFBC}") = "Chp16_02", "Chp16_02\Chp16_02.csproj", "{E2C75906-EE1A-4C27-B84B-F864030E529C}"
EndProject
Project("{FAE04EC0-301F-11D3-BF4B-00C04F79EFBC}") = "Chp17", "Chp17\Chp17.csproj", "{09F69715-2965-4CCE-9B1B-D93804989F16}"
EndProject
Project("{FAE04EC0-301F-11D3-BF4B-00C04F79EFBC}") = "Chp18", "Chp18\Chp18.csproj", "{AF0CE4DD-8C00-4C74-B865-F118A851DFDE}"
EndProject
Global
	GlobalSection(SolutionConfigurationPlatforms) = preSolution
		Debug|Any CPU = Debug|Any CPU
		Release|Any CPU = Release|Any CPU
	EndGlobalSection
	GlobalSection(ProjectConfigurationPlatforms) = postSolution
		{F162B278-D802-4141-9938-BD105768F71C}.Debug|Any CPU.ActiveCfg = Debug|Any CPU
		{F162B278-D802-4141-9938-BD105768F71C}.Debug|Any CPU.Build.0 = Debug|Any CPU
		{F162B278-D802-4141-9938-BD105768F71C}.Release|Any CPU.ActiveCfg = Release|Any CPU
		{F162B278-D802-4141-9938-BD105768F71C}.Release|Any CPU.Build.0 = Release|Any CPU
		{73A1832F-BD7D-4C48-A358-4FBD13985A02}.Debug|Any CPU.ActiveCfg = Debug|Any CPU
		{73A1832F-BD7D-4C48-A358-4FBD13985A02}.Debug|Any CPU.Build.0 = Debug|Any CPU
		{73A1832F-BD7D-4C48-A358-4FBD13985A02}.Release|Any CPU.ActiveCfg = Release|Any CPU
		{73A1832F-BD7D-4C48-A358-4FBD13985A02}.Release|Any CPU.Build.0 = Release|Any CPU
		{0EB3DA5C-F1D2-419E-9DA3-89E36E76D3BE}.Debug|Any CPU.ActiveCfg = Debug|Any CPU
		{0EB3DA5C-F1D2-419E-9DA3-89E36E76D3BE}.Debug|Any CPU.Build.0 = Debug|Any CPU
		{0EB3DA5C-F1D2-419E-9DA3-89E36E76D3BE}.Release|Any CPU.ActiveCfg = Release|Any CPU
		{0EB3DA5C-F1D2-419E-9DA3-89E36E76D3BE}.Release|Any CPU.Build.0 = Release|Any CPU
		{968C12FE-E892-49A7-9628-F868EA7C27C0}.Debug|Any CPU.ActiveCfg = Debug|Any CPU
		{968C12FE-E892-49A7-9628-F868EA7C27C0}.Debug|Any CPU.Build.0 = Debug|Any CPU
		{968C12FE-E892-49A7-9628-F868EA7C27C0}.Release|Any CPU.ActiveCfg = Release|Any CPU
		{968C12FE-E892-49A7-9628-F868EA7C27C0}.Release|Any CPU.Build.0 = Release|Any CPU
		{4216C34C-E686-4F93-AED3-21981BAEAE21}.Debug|Any CPU.ActiveCfg = Debug|Any CPU
		{4216C34C-E686-4F93-AED3-21981BAEAE21}.Debug|Any CPU.Build.0 = Debug|Any CPU
		{4216C34C-E686-4F93-AED3-21981BAEAE21}.Release|Any CPU.ActiveCfg = Release|Any CPU
		{4216C34C-E686-4F93-AED3-21981BAEAE21}.Release|Any CPU.Build.0 = Release|Any CPU
		{2398114B-A04C-477B-A81E-D9340677599B}.Debug|Any CPU.ActiveCfg = Debug|Any CPU
		{2398114B-A04C-477B-A81E-D9340677599B}.Debug|Any CPU.Build.0 = Debug|Any CPU
		{2398114B-A04C-477B-A81E-D9340677599B}.Release|Any CPU.ActiveCfg = Release|Any CPU
		{2398114B-A04C-477B-A81E-D9340677599B}.Release|Any CPU.Build.0 = Release|Any CPU
		{A68E872E-1ED1-4447-9CDA-3C55587BEC98}.Debug|Any CPU.ActiveCfg = Debug|Any CPU
		{A68E872E-1ED1-4447-9CDA-3C55587BEC98}.Debug|Any CPU.Build.0 = Debug|Any CPU
		{A68E872E-1ED1-4447-9CDA-3C55587BEC98}.Release|Any CPU.ActiveCfg = Release|Any CPU
		{A68E872E-1ED1-4447-9CDA-3C55587BEC98}.Release|Any CPU.Build.0 = Release|Any CPU
		{E7C83A0F-9D31-4D13-9337-35EFA2682A64}.Debug|Any CPU.ActiveCfg = Debug|Any CPU
		{E7C83A0F-9D31-4D13-9337-35EFA2682A64}.Debug|Any CPU.Build.0 = Debug|Any CPU
		{E7C83A0F-9D31-4D13-9337-35EFA2682A64}.Release|Any CPU.ActiveCfg = Release|Any CPU
		{E7C83A0F-9D31-4D13-9337-35EFA2682A64}.Release|Any CPU.Build.0 = Release|Any CPU
		{BC784E46-DB64-4B0E-BCA4-9DADA6C65A22}.Debug|Any CPU.ActiveCfg = Debug|Any CPU
		{BC784E46-DB64-4B0E-BCA4-9DADA6C65A22}.Debug|Any CPU.Build.0 = Debug|Any CPU
		{BC784E46-DB64-4B0E-BCA4-9DADA6C65A22}.Release|Any CPU.ActiveCfg = Release|Any CPU
		{BC784E46-DB64-4B0E-BCA4-9DADA6C65A22}.Release|Any CPU.Build.0 = Release|Any CPU
		{41DB4AA2-BA41-41FD-9799-2764BE0B6F56}.Debug|Any CPU.ActiveCfg = Debug|Any CPU
		{41DB4AA2-BA41-41FD-9799-2764BE0B6F56}.Debug|Any CPU.Build.0 = Debug|Any CPU
		{41DB4AA2-BA41-41FD-9799-2764BE0B6F56}.Release|Any CPU.ActiveCfg = Release|Any CPU
		{41DB4AA2-BA41-41FD-9799-2764BE0B6F56}.Release|Any CPU.Build.0 = Release|Any CPU
		{DC2A2675-A46E-4597-B122-8867DDA91373}.Debug|Any CPU.ActiveCfg = Debug|Any CPU
		{DC2A2675-A46E-4597-B122-8867DDA91373}.Debug|Any CPU.Build.0 = Debug|Any CPU
		{DC2A2675-A46E-4597-B122-8867DDA91373}.Release|Any CPU.ActiveCfg = Release|Any CPU
		{DC2A2675-A46E-4597-B122-8867DDA91373}.Release|Any CPU.Build.0 = Release|Any CPU
		{BAEF9648-6FC7-4B2C-BBDB-82C1AF3A5E49}.Debug|Any CPU.ActiveCfg = Debug|Any CPU
		{BAEF9648-6FC7-4B2C-BBDB-82C1AF3A5E49}.Debug|Any CPU.Build.0 = Debug|Any CPU
		{BAEF9648-6FC7-4B2C-BBDB-82C1AF3A5E49}.Release|Any CPU.ActiveCfg = Release|Any CPU
		{BAEF9648-6FC7-4B2C-BBDB-82C1AF3A5E49}.Release|Any CPU.Build.0 = Release|Any CPU
		{A8011996-EC68-4EF7-BD5B-0BCB7E8C5F4A}.Debug|Any CPU.ActiveCfg = Debug|Any CPU
		{A8011996-EC68-4EF7-BD5B-0BCB7E8C5F4A}.Debug|Any CPU.Build.0 = Debug|Any CPU
		{A8011996-EC68-4EF7-BD5B-0BCB7E8C5F4A}.Release|Any CPU.ActiveCfg = Release|Any CPU
		{A8011996-EC68-4EF7-BD5B-0BCB7E8C5F4A}.Release|Any CPU.Build.0 = Release|Any CPU
		{DE5CE7DA-232D-4D34-B503-D2D50AB99016}.Debug|Any CPU.ActiveCfg = Debug|Any CPU
		{DE5CE7DA-232D-4D34-B503-D2D50AB99016}.Debug|Any CPU.Build.0 = Debug|Any CPU
		{DE5CE7DA-232D-4D34-B503-D2D50AB99016}.Release|Any CPU.ActiveCfg = Release|Any CPU
		{DE5CE7DA-232D-4D34-B503-D2D50AB99016}.Release|Any CPU.Build.0 = Release|Any CPU
		{7CC69181-DAB0-4DA9-8662-C4C51480688B}.Debug|Any CPU.ActiveCfg = Debug|Any CPU
		{7CC69181-DAB0-4DA9-8662-C4C51480688B}.Debug|Any CPU.Build.0 = Debug|Any CPU
		{7CC69181-DAB0-4DA9-8662-C4C51480688B}.Release|Any CPU.ActiveCfg = Release|Any CPU
		{7CC69181-DAB0-4DA9-8662-C4C51480688B}.Release|Any CPU.Build.0 = Release|Any CPU
		{C1980549-3F1B-4205-A5E9-90AEBECF4881}.Debug|Any CPU.ActiveCfg = Debug|Any CPU
		{C1980549-3F1B-4205-A5E9-90AEBECF4881}.Debug|Any CPU.Build.0 = Debug|Any CPU
		{C1980549-3F1B-4205-A5E9-90AEBECF4881}.Release|Any CPU.ActiveCfg = Release|Any CPU
		{C1980549-3F1B-4205-A5E9-90AEBECF4881}.Release|Any CPU.Build.0 = Release|Any CPU
		{4871F62E-07E0-45CD-B2E2-A20CDA1EDAFB}.Debug|Any CPU.ActiveCfg = Debug|Any CPU
		{4871F62E-07E0-45CD-B2E2-A20CDA1EDAFB}.Debug|Any CPU.Build.0 = Debug|Any CPU
		{4871F62E-07E0-45CD-B2E2-A20CDA1EDAFB}.Release|Any CPU.ActiveCfg = Release|Any CPU
		{4871F62E-07E0-45CD-B2E2-A20CDA1EDAFB}.Release|Any CPU.Build.0 = Release|Any CPU
		{573F1D67-2F9A-4925-9669-774C30858FEF}.Debug|Any CPU.ActiveCfg = Debug|Any CPU
		{573F1D67-2F9A-4925-9669-774C30858FEF}.Debug|Any CPU.Build.0 = Debug|Any CPU
		{573F1D67-2F9A-4925-9669-774C30858FEF}.Release|Any CPU.ActiveCfg = Release|Any CPU
		{573F1D67-2F9A-4925-9669-774C30858FEF}.Release|Any CPU.Build.0 = Release|Any CPU
		{EC1EA272-F2C1-4A9F-8AF0-E40294F8679B}.Debug|Any CPU.ActiveCfg = Debug|Any CPU
		{EC1EA272-F2C1-4A9F-8AF0-E40294F8679B}.Debug|Any CPU.Build.0 = Debug|Any CPU
		{EC1EA272-F2C1-4A9F-8AF0-E40294F8679B}.Release|Any CPU.ActiveCfg = Release|Any CPU
		{EC1EA272-F2C1-4A9F-8AF0-E40294F8679B}.Release|Any CPU.Build.0 = Release|Any CPU
		{E2C75906-EE1A-4C27-B84B-F864030E529C}.Debug|Any CPU.ActiveCfg = Debug|Any CPU
		{E2C75906-EE1A-4C27-B84B-F864030E529C}.Debug|Any CPU.Build.0 = Debug|Any CPU
		{E2C75906-EE1A-4C27-B84B-F864030E529C}.Release|Any CPU.ActiveCfg = Release|Any CPU
		{E2C75906-EE1A-4C27-B84B-F864030E529C}.Release|Any CPU.Build.0 = Release|Any CPU
		{09F69715-2965-4CCE-9B1B-D93804989F16}.Debug|Any CPU.ActiveCfg = Debug|Any CPU
		{09F69715-2965-4CCE-9B1B-D93804989F16}.Debug|Any CPU.Build.0 = Debug|Any CPU
		{09F69715-2965-4CCE-9B1B-D93804989F16}.Release|Any CPU.ActiveCfg = Release|Any CPU
		{09F69715-2965-4CCE-9B1B-D93804989F16}.Release|Any CPU.Build.0 = Release|Any CPU
		{AF0CE4DD-8C00-4C74-B865-F118A851DFDE}.Debug|Any CPU.ActiveCfg = Debug|Any CPU
		{AF0CE4DD-8C00-4C74-B865-F118A851DFDE}.Debug|Any CPU.Build.0 = Debug|Any CPU
		{AF0CE4DD-8C00-4C74-B865-F118A851DFDE}.Release|Any CPU.ActiveCfg = Release|Any CPU
		{AF0CE4DD-8C00-4C74-B865-F118A851DFDE}.Release|Any CPU.Build.0 = Release|Any CPU
	EndGlobalSection
	GlobalSection(SolutionProperties) = preSolution
		HideSolutionNode = FALSE
	EndGlobalSection
EndGlobal
